
Microsoft Visual Studio Solution File, Format Version 12.00
# Visual Studio Version 17
VisualStudioVersion = 17.9.34607.119
MinimumVisualStudioVersion = 10.0.40219.1
Project("{FAE04EC0-301F-11D3-BF4B-00C04F79EFBC}") = "RK14-2", "RK14-2\RK14-2.csproj", "{A3C652B8-060D-4252-8368-92EA86E5B213}"
EndProject
Global
	GlobalSection(SolutionConfigurationPlatforms) = preSolution
		Debug|Any CPU = Debug|Any CPU
		Release|Any CPU = Release|Any CPU
	EndGlobalSection
	GlobalSection(ProjectConfigurationPlatforms) = postSolution
		{A3C652B8-060D-4252-8368-92EA86E5B213}.Debug|Any CPU.ActiveCfg = Debug|Any CPU
		{A3C652B8-060D-4252-8368-92EA86E5B213}.Debug|Any CPU.Build.0 = Debug|Any CPU
		{A3C652B8-060D-4252-8368-92EA86E5B213}.Release|Any CPU.ActiveCfg = Release|Any CPU
		{A3C652B8-060D-4252-8368-92EA86E5B213}.Release|Any CPU.Build.0 = Release|Any CPU
	EndGlobalSection
	GlobalSection(SolutionProperties) = preSolution
		HideSolutionNode = FALSE
	EndGlobalSection
	GlobalSection(ExtensibilityGlobals) = postSolution
		SolutionGuid = {CE22F9AF-700D-461A-A180-8DFA5B286F98}
	EndGlobalSection
EndGlobal
