
Microsoft Visual Studio Solution File, Format Version 12.00
# Visual Studio Version 17
VisualStudioVersion = 17.9.34607.119
MinimumVisualStudioVersion = 10.0.40219.1
Project("{FAE04EC0-301F-11D3-BF4B-00C04F79EFBC}") = "RK3-3", "RK3-3\RK3-3.csproj", "{22171D2D-A16D-4677-B97D-8B107F9677F7}"
EndProject
Global
	GlobalSection(SolutionConfigurationPlatforms) = preSolution
		Debug|Any CPU = Debug|Any CPU
		Release|Any CPU = Release|Any CPU
	EndGlobalSection
	GlobalSection(ProjectConfigurationPlatforms) = postSolution
		{22171D2D-A16D-4677-B97D-8B107F9677F7}.Debug|Any CPU.ActiveCfg = Debug|Any CPU
		{22171D2D-A16D-4677-B97D-8B107F9677F7}.Debug|Any CPU.Build.0 = Debug|Any CPU
		{22171D2D-A16D-4677-B97D-8B107F9677F7}.Release|Any CPU.ActiveCfg = Release|Any CPU
		{22171D2D-A16D-4677-B97D-8B107F9677F7}.Release|Any CPU.Build.0 = Release|Any CPU
	EndGlobalSection
	GlobalSection(SolutionProperties) = preSolution
		HideSolutionNode = FALSE
	EndGlobalSection
	GlobalSection(ExtensibilityGlobals) = postSolution
		SolutionGuid = {90658DCF-4665-42D6-BBA4-AC70A509EFBA}
	EndGlobalSection
EndGlobal
