
Microsoft Visual Studio Solution File, Format Version 12.00
# Visual Studio Version 17
VisualStudioVersion = 17.9.34607.119
MinimumVisualStudioVersion = 10.0.40219.1
Project("{FAE04EC0-301F-11D3-BF4B-00C04F79EFBC}") = "RK11-1", "RK11-1\RK11-1.csproj", "{61ADC97E-E2C8-4C76-AE24-D6DEF97292D3}"
EndProject
Global
	GlobalSection(SolutionConfigurationPlatforms) = preSolution
		Debug|Any CPU = Debug|Any CPU
		Release|Any CPU = Release|Any CPU
	EndGlobalSection
	GlobalSection(ProjectConfigurationPlatforms) = postSolution
		{61ADC97E-E2C8-4C76-AE24-D6DEF97292D3}.Debug|Any CPU.ActiveCfg = Debug|Any CPU
		{61ADC97E-E2C8-4C76-AE24-D6DEF97292D3}.Debug|Any CPU.Build.0 = Debug|Any CPU
		{61ADC97E-E2C8-4C76-AE24-D6DEF97292D3}.Release|Any CPU.ActiveCfg = Release|Any CPU
		{61ADC97E-E2C8-4C76-AE24-D6DEF97292D3}.Release|Any CPU.Build.0 = Release|Any CPU
	EndGlobalSection
	GlobalSection(SolutionProperties) = preSolution
		HideSolutionNode = FALSE
	EndGlobalSection
	GlobalSection(ExtensibilityGlobals) = postSolution
		SolutionGuid = {ABDED61C-4E89-4C6A-99EB-2DCD6B8495B4}
	EndGlobalSection
EndGlobal
