
Microsoft Visual Studio Solution File, Format Version 12.00
# Visual Studio Version 17
VisualStudioVersion = 17.9.34607.119
MinimumVisualStudioVersion = 10.0.40219.1
Project("{FAE04EC0-301F-11D3-BF4B-00C04F79EFBC}") = "deneme5mart", "deneme5mart\deneme5mart.csproj", "{1B979B57-2C12-4ABC-8DEF-D9480C644C19}"
EndProject
Global
	GlobalSection(SolutionConfigurationPlatforms) = preSolution
		Debug|Any CPU = Debug|Any CPU
		Release|Any CPU = Release|Any CPU
	EndGlobalSection
	GlobalSection(ProjectConfigurationPlatforms) = postSolution
		{1B979B57-2C12-4ABC-8DEF-D9480C644C19}.Debug|Any CPU.ActiveCfg = Debug|Any CPU
		{1B979B57-2C12-4ABC-8DEF-D9480C644C19}.Debug|Any CPU.Build.0 = Debug|Any CPU
		{1B979B57-2C12-4ABC-8DEF-D9480C644C19}.Release|Any CPU.ActiveCfg = Release|Any CPU
		{1B979B57-2C12-4ABC-8DEF-D9480C644C19}.Release|Any CPU.Build.0 = Release|Any CPU
	EndGlobalSection
	GlobalSection(SolutionProperties) = preSolution
		HideSolutionNode = FALSE
	EndGlobalSection
	GlobalSection(ExtensibilityGlobals) = postSolution
		SolutionGuid = {70A0ED52-3186-43F0-B286-74D44E330992}
	EndGlobalSection
EndGlobal
