
Microsoft Visual Studio Solution File, Format Version 12.00
# Visual Studio Version 17
VisualStudioVersion = 17.9.34607.119
MinimumVisualStudioVersion = 10.0.40219.1
Project("{FAE04EC0-301F-11D3-BF4B-00C04F79EFBC}") = "RK13-2", "RK13-2\RK13-2.csproj", "{3265CE19-A65F-476E-A232-334ADED80D1D}"
EndProject
Global
	GlobalSection(SolutionConfigurationPlatforms) = preSolution
		Debug|Any CPU = Debug|Any CPU
		Release|Any CPU = Release|Any CPU
	EndGlobalSection
	GlobalSection(ProjectConfigurationPlatforms) = postSolution
		{3265CE19-A65F-476E-A232-334ADED80D1D}.Debug|Any CPU.ActiveCfg = Debug|Any CPU
		{3265CE19-A65F-476E-A232-334ADED80D1D}.Debug|Any CPU.Build.0 = Debug|Any CPU
		{3265CE19-A65F-476E-A232-334ADED80D1D}.Release|Any CPU.ActiveCfg = Release|Any CPU
		{3265CE19-A65F-476E-A232-334ADED80D1D}.Release|Any CPU.Build.0 = Release|Any CPU
	EndGlobalSection
	GlobalSection(SolutionProperties) = preSolution
		HideSolutionNode = FALSE
	EndGlobalSection
	GlobalSection(ExtensibilityGlobals) = postSolution
		SolutionGuid = {F51F1E40-064F-4848-89A2-38F068DDE2C7}
	EndGlobalSection
EndGlobal
