
Microsoft Visual Studio Solution File, Format Version 12.00
# Visual Studio Version 17
VisualStudioVersion = 17.9.34607.119
MinimumVisualStudioVersion = 10.0.40219.1
Project("{FAE04EC0-301F-11D3-BF4B-00C04F79EFBC}") = "RK15-5", "RK15-5\RK15-5.csproj", "{2E0B2486-1482-4654-8572-C79189947D0A}"
EndProject
Global
	GlobalSection(SolutionConfigurationPlatforms) = preSolution
		Debug|Any CPU = Debug|Any CPU
		Release|Any CPU = Release|Any CPU
	EndGlobalSection
	GlobalSection(ProjectConfigurationPlatforms) = postSolution
		{2E0B2486-1482-4654-8572-C79189947D0A}.Debug|Any CPU.ActiveCfg = Debug|Any CPU
		{2E0B2486-1482-4654-8572-C79189947D0A}.Debug|Any CPU.Build.0 = Debug|Any CPU
		{2E0B2486-1482-4654-8572-C79189947D0A}.Release|Any CPU.ActiveCfg = Release|Any CPU
		{2E0B2486-1482-4654-8572-C79189947D0A}.Release|Any CPU.Build.0 = Release|Any CPU
	EndGlobalSection
	GlobalSection(SolutionProperties) = preSolution
		HideSolutionNode = FALSE
	EndGlobalSection
	GlobalSection(ExtensibilityGlobals) = postSolution
		SolutionGuid = {9DC9B31C-19A6-4223-8C8A-C9382BF2A9A2}
	EndGlobalSection
EndGlobal
